
Microsoft Visual Studio Solution File, Format Version 12.00
# Visual Studio Version 17
VisualStudioVersion = 17.2.32616.157
MinimumVisualStudioVersion = 10.0.40219.1
Project("{9A19103F-16F7-4668-BE54-9A1E7A4F7556}") = "BusinessObject", "BusinessObject\BusinessObject.csproj", "{7A44B505-0A9B-489B-95B7-5B56CAA7FD0F}"
EndProject
Project("{9A19103F-16F7-4668-BE54-9A1E7A4F7556}") = "DataAccess", "DataAccess\DataAccess.csproj", "{0B31E990-BFD8-4686-BCA8-5246FF7AF64D}"
EndProject
Project("{2150E333-8FDC-42A3-9474-1A3956D46DE8}") = "1. Presentation Layer", "1. Presentation Layer", "{6299E322-F980-4056-AA58-9375DBA32BD1}"
EndProject
Project("{2150E333-8FDC-42A3-9474-1A3956D46DE8}") = "2. Business Layer", "2. Business Layer", "{3D3EE9B1-700C-4584-9DCF-E18E9684F023}"
EndProject
Project("{2150E333-8FDC-42A3-9474-1A3956D46DE8}") = "3. Data Layer", "3. Data Layer", "{0AA909EB-64CF-4EB2-8F33-55380D14B88E}"
EndProject
Project("{9A19103F-16F7-4668-BE54-9A1E7A4F7556}") = "SalesWinApp", "SalesWinApp\SalesWinApp.csproj", "{D2CDADCB-FFD1-4F2A-BBBE-7E3F01FBA92C}"
EndProject
Global
	GlobalSection(SolutionConfigurationPlatforms) = preSolution
		Debug|Any CPU = Debug|Any CPU
		Release|Any CPU = Release|Any CPU
	EndGlobalSection
	GlobalSection(ProjectConfigurationPlatforms) = postSolution
		{7A44B505-0A9B-489B-95B7-5B56CAA7FD0F}.Debug|Any CPU.ActiveCfg = Debug|Any CPU
		{7A44B505-0A9B-489B-95B7-5B56CAA7FD0F}.Debug|Any CPU.Build.0 = Debug|Any CPU
		{7A44B505-0A9B-489B-95B7-5B56CAA7FD0F}.Release|Any CPU.ActiveCfg = Release|Any CPU
		{7A44B505-0A9B-489B-95B7-5B56CAA7FD0F}.Release|Any CPU.Build.0 = Release|Any CPU
		{0B31E990-BFD8-4686-BCA8-5246FF7AF64D}.Debug|Any CPU.ActiveCfg = Debug|Any CPU
		{0B31E990-BFD8-4686-BCA8-5246FF7AF64D}.Debug|Any CPU.Build.0 = Debug|Any CPU
		{0B31E990-BFD8-4686-BCA8-5246FF7AF64D}.Release|Any CPU.ActiveCfg = Release|Any CPU
		{0B31E990-BFD8-4686-BCA8-5246FF7AF64D}.Release|Any CPU.Build.0 = Release|Any CPU
		{D2CDADCB-FFD1-4F2A-BBBE-7E3F01FBA92C}.Debug|Any CPU.ActiveCfg = Debug|Any CPU
		{D2CDADCB-FFD1-4F2A-BBBE-7E3F01FBA92C}.Debug|Any CPU.Build.0 = Debug|Any CPU
		{D2CDADCB-FFD1-4F2A-BBBE-7E3F01FBA92C}.Release|Any CPU.ActiveCfg = Release|Any CPU
		{D2CDADCB-FFD1-4F2A-BBBE-7E3F01FBA92C}.Release|Any CPU.Build.0 = Release|Any CPU
	EndGlobalSection
	GlobalSection(SolutionProperties) = preSolution
		HideSolutionNode = FALSE
	EndGlobalSection
	GlobalSection(NestedProjects) = preSolution
		{7A44B505-0A9B-489B-95B7-5B56CAA7FD0F} = {3D3EE9B1-700C-4584-9DCF-E18E9684F023}
		{0B31E990-BFD8-4686-BCA8-5246FF7AF64D} = {0AA909EB-64CF-4EB2-8F33-55380D14B88E}
		{D2CDADCB-FFD1-4F2A-BBBE-7E3F01FBA92C} = {6299E322-F980-4056-AA58-9375DBA32BD1}
	EndGlobalSection
	GlobalSection(ExtensibilityGlobals) = postSolution
		SolutionGuid = {38CA7EC8-9F18-4FEA-8973-8BE41EA2BC01}
	EndGlobalSection
EndGlobal
